
Microsoft Visual Studio Solution File, Format Version 12.00
# Visual Studio Version 17
VisualStudioVersion = 17.5.002.0
MinimumVisualStudioVersion = 10.0.40219.1
Project("{9A19103F-16F7-4668-BE54-9A1E7A4F7556}") = "Manejo de datos con LINQ", "Manejo de datos con LINQ.csproj", "{9465414A-5B40-4EF9-B2EE-6A2A8E32F1A6}"
EndProject
Global
	GlobalSection(SolutionConfigurationPlatforms) = preSolution
		Debug|Any CPU = Debug|Any CPU
		Release|Any CPU = Release|Any CPU
	EndGlobalSection
	GlobalSection(ProjectConfigurationPlatforms) = postSolution
		{9465414A-5B40-4EF9-B2EE-6A2A8E32F1A6}.Debug|Any CPU.ActiveCfg = Debug|Any CPU
		{9465414A-5B40-4EF9-B2EE-6A2A8E32F1A6}.Debug|Any CPU.Build.0 = Debug|Any CPU
		{9465414A-5B40-4EF9-B2EE-6A2A8E32F1A6}.Release|Any CPU.ActiveCfg = Release|Any CPU
		{9465414A-5B40-4EF9-B2EE-6A2A8E32F1A6}.Release|Any CPU.Build.0 = Release|Any CPU
	EndGlobalSection
	GlobalSection(SolutionProperties) = preSolution
		HideSolutionNode = FALSE
	EndGlobalSection
	GlobalSection(ExtensibilityGlobals) = postSolution
		SolutionGuid = {7891AFF5-5206-47F0-92B4-F73916749AE3}
	EndGlobalSection
EndGlobal
